
Microsoft Visual Studio Solution File, Format Version 12.00
# Visual Studio Version 16
VisualStudioVersion = 16.0.30621.155
MinimumVisualStudioVersion = 10.0.40219.1
Project("{FAE04EC0-301F-11D3-BF4B-00C04F79EFBC}") = "MedabilNavisworks2021", "MedabilNavisworks\MedabilNavisworks2021.csproj", "{D14C4319-7858-4E97-A573-F273B0E0553E}"
EndProject
Project("{54435603-DBB4-11D2-8724-00A0C9A8B90C}") = "MedabilNavisworksSetup", "MedabilNavisworksSetup\MedabilNavisworksSetup.vdproj", "{32E28470-FB03-426A-8E90-3E79327B40F6}"
EndProject
Project("{FAE04EC0-301F-11D3-BF4B-00C04F79EFBC}") = "Conexoes", "..\Conexoes\Conexoes.csproj", "{DEF82547-9FAB-457E-89BF-C10ED1DD9162}"
EndProject
Global
	GlobalSection(SolutionConfigurationPlatforms) = preSolution
		Debug|Any CPU = Debug|Any CPU
		Release|Any CPU = Release|Any CPU
	EndGlobalSection
	GlobalSection(ProjectConfigurationPlatforms) = postSolution
		{D14C4319-7858-4E97-A573-F273B0E0553E}.Debug|Any CPU.ActiveCfg = Debug|Any CPU
		{D14C4319-7858-4E97-A573-F273B0E0553E}.Debug|Any CPU.Build.0 = Debug|Any CPU
		{D14C4319-7858-4E97-A573-F273B0E0553E}.Release|Any CPU.ActiveCfg = Release|Any CPU
		{D14C4319-7858-4E97-A573-F273B0E0553E}.Release|Any CPU.Build.0 = Release|Any CPU
		{32E28470-FB03-426A-8E90-3E79327B40F6}.Debug|Any CPU.ActiveCfg = Debug
		{32E28470-FB03-426A-8E90-3E79327B40F6}.Debug|Any CPU.Build.0 = Debug
		{32E28470-FB03-426A-8E90-3E79327B40F6}.Release|Any CPU.ActiveCfg = Release
		{32E28470-FB03-426A-8E90-3E79327B40F6}.Release|Any CPU.Build.0 = Release
		{DEF82547-9FAB-457E-89BF-C10ED1DD9162}.Debug|Any CPU.ActiveCfg = Debug|Any CPU
		{DEF82547-9FAB-457E-89BF-C10ED1DD9162}.Debug|Any CPU.Build.0 = Debug|Any CPU
		{DEF82547-9FAB-457E-89BF-C10ED1DD9162}.Release|Any CPU.ActiveCfg = Release|Any CPU
		{DEF82547-9FAB-457E-89BF-C10ED1DD9162}.Release|Any CPU.Build.0 = Release|Any CPU
	EndGlobalSection
	GlobalSection(SolutionProperties) = preSolution
		HideSolutionNode = FALSE
	EndGlobalSection
	GlobalSection(ExtensibilityGlobals) = postSolution
		SolutionGuid = {8486D850-6B90-4683-8F6E-83243E8E5D49}
	EndGlobalSection
EndGlobal
